
Microsoft Visual Studio Solution File, Format Version 12.00
# Visual Studio Version 16
VisualStudioVersion = 16.0.28803.156
MinimumVisualStudioVersion = 10.0.40219.1
Project("{888888A0-9F3D-457C-B088-3A5042F75D52}") = "python_app", "python_app\python_app.pyproj", "{156FF97F-18E4-45AA-AC4D-4803ED73C3A4}"
EndProject
Global
	GlobalSection(SolutionConfigurationPlatforms) = preSolution
		Debug|Any CPU = Debug|Any CPU
		Release|Any CPU = Release|Any CPU
	EndGlobalSection
	GlobalSection(ProjectConfigurationPlatforms) = postSolution
		{156FF97F-18E4-45AA-AC4D-4803ED73C3A4}.Debug|Any CPU.ActiveCfg = Debug|Any CPU
		{156FF97F-18E4-45AA-AC4D-4803ED73C3A4}.Release|Any CPU.ActiveCfg = Release|Any CPU
	EndGlobalSection
	GlobalSection(SolutionProperties) = preSolution
		HideSolutionNode = FALSE
	EndGlobalSection
	GlobalSection(ExtensibilityGlobals) = postSolution
		SolutionGuid = {F2098CDE-1B67-45A2-82EE-3B38C87AA237}
	EndGlobalSection
EndGlobal
